
Microsoft Visual Studio Solution File, Format Version 12.00
# Visual Studio Version 16
VisualStudioVersion = 16.0.32002.261
MinimumVisualStudioVersion = 10.0.40219.1
Project("{FAE04EC0-301F-11D3-BF4B-00C04F79EFBC}") = "SignLanguage", "SignLanguage.csproj", "{44F1A4C1-F6B8-4683-8DBB-1779A4DD0144}"
EndProject
Project("{FAE04EC0-301F-11D3-BF4B-00C04F79EFBC}") = "SignLanguage.Images", "..\SignLanguage.Images\SignLanguage.Images.csproj", "{77A5A403-AB7E-4098-9B1E-0E38C88527D2}"
EndProject
Project("{FAE04EC0-301F-11D3-BF4B-00C04F79EFBC}") = "SignLanguage.Core", "..\SignLanguage.Core\SignLanguage.Core.csproj", "{8BFF6788-ED4D-4903-B032-0F422607D134}"
EndProject
Global
	GlobalSection(SolutionConfigurationPlatforms) = preSolution
		Debug|Any CPU = Debug|Any CPU
		Debug|x86 = Debug|x86
		Release|Any CPU = Release|Any CPU
		Release|x86 = Release|x86
	EndGlobalSection
	GlobalSection(ProjectConfigurationPlatforms) = postSolution
		{44F1A4C1-F6B8-4683-8DBB-1779A4DD0144}.Debug|Any CPU.ActiveCfg = Debug|Any CPU
		{44F1A4C1-F6B8-4683-8DBB-1779A4DD0144}.Debug|Any CPU.Build.0 = Debug|Any CPU
		{44F1A4C1-F6B8-4683-8DBB-1779A4DD0144}.Debug|x86.ActiveCfg = Debug|x86
		{44F1A4C1-F6B8-4683-8DBB-1779A4DD0144}.Debug|x86.Build.0 = Debug|x86
		{44F1A4C1-F6B8-4683-8DBB-1779A4DD0144}.Release|Any CPU.ActiveCfg = Release|Any CPU
		{44F1A4C1-F6B8-4683-8DBB-1779A4DD0144}.Release|Any CPU.Build.0 = Release|Any CPU
		{44F1A4C1-F6B8-4683-8DBB-1779A4DD0144}.Release|x86.ActiveCfg = Release|x86
		{44F1A4C1-F6B8-4683-8DBB-1779A4DD0144}.Release|x86.Build.0 = Release|x86
		{77A5A403-AB7E-4098-9B1E-0E38C88527D2}.Debug|Any CPU.ActiveCfg = Debug|Any CPU
		{77A5A403-AB7E-4098-9B1E-0E38C88527D2}.Debug|Any CPU.Build.0 = Debug|Any CPU
		{77A5A403-AB7E-4098-9B1E-0E38C88527D2}.Debug|x86.ActiveCfg = Debug|x86
		{77A5A403-AB7E-4098-9B1E-0E38C88527D2}.Debug|x86.Build.0 = Debug|x86
		{77A5A403-AB7E-4098-9B1E-0E38C88527D2}.Release|Any CPU.ActiveCfg = Release|Any CPU
		{77A5A403-AB7E-4098-9B1E-0E38C88527D2}.Release|Any CPU.Build.0 = Release|Any CPU
		{77A5A403-AB7E-4098-9B1E-0E38C88527D2}.Release|x86.ActiveCfg = Release|x86
		{77A5A403-AB7E-4098-9B1E-0E38C88527D2}.Release|x86.Build.0 = Release|x86
		{8BFF6788-ED4D-4903-B032-0F422607D134}.Debug|Any CPU.ActiveCfg = Debug|Any CPU
		{8BFF6788-ED4D-4903-B032-0F422607D134}.Debug|Any CPU.Build.0 = Debug|Any CPU
		{8BFF6788-ED4D-4903-B032-0F422607D134}.Debug|x86.ActiveCfg = Debug|Any CPU
		{8BFF6788-ED4D-4903-B032-0F422607D134}.Debug|x86.Build.0 = Debug|Any CPU
		{8BFF6788-ED4D-4903-B032-0F422607D134}.Release|Any CPU.ActiveCfg = Release|Any CPU
		{8BFF6788-ED4D-4903-B032-0F422607D134}.Release|Any CPU.Build.0 = Release|Any CPU
		{8BFF6788-ED4D-4903-B032-0F422607D134}.Release|x86.ActiveCfg = Release|Any CPU
		{8BFF6788-ED4D-4903-B032-0F422607D134}.Release|x86.Build.0 = Release|Any CPU
	EndGlobalSection
	GlobalSection(SolutionProperties) = preSolution
		HideSolutionNode = FALSE
	EndGlobalSection
	GlobalSection(ExtensibilityGlobals) = postSolution
		SolutionGuid = {9C96AD33-581D-4FFA-9279-E68A3E36AFAB}
	EndGlobalSection
EndGlobal
